# generated by rye
# use `rye lock` or `rye sync` to update this lockfile
#
# last locked with the following flags:
#   pre: false
#   features: []
#   all-features: false
#   with-sources: false
#   generate-hashes: false
#   universal: false

-e file:.
aiosqlite==0.20.0
    # via electrogram
dnspython==2.6.1
    # via pymongo
pymediainfo==6.1.0
    # via electrogram
pymongo==4.8.0
    # via electrogram
pysocks==1.7.1
    # via electrogram
tgcrypto-pyrofork==1.2.6
    # via electrogram
typing-extensions==4.12.2
    # via aiosqlite
uvloop==0.19.0
    # via electrogram
